
Microsoft Visual Studio Solution File, Format Version 12.00
# Visual Studio Version 17
VisualStudioVersion = 17.5.002.0
MinimumVisualStudioVersion = 10.0.40219.1
Project("{9A19103F-16F7-4668-BE54-9A1E7A4F7556}") = "reinventing-the-wheel-cs", "reinventing-the-wheel-cs.csproj", "{4BB2A01C-8DEB-482F-891C-D3AAAAE304CE}"
EndProject
Global
	GlobalSection(SolutionConfigurationPlatforms) = preSolution
		Debug|Any CPU = Debug|Any CPU
		Release|Any CPU = Release|Any CPU
	EndGlobalSection
	GlobalSection(ProjectConfigurationPlatforms) = postSolution
		{4BB2A01C-8DEB-482F-891C-D3AAAAE304CE}.Debug|Any CPU.ActiveCfg = Debug|Any CPU
		{4BB2A01C-8DEB-482F-891C-D3AAAAE304CE}.Debug|Any CPU.Build.0 = Debug|Any CPU
		{4BB2A01C-8DEB-482F-891C-D3AAAAE304CE}.Release|Any CPU.ActiveCfg = Release|Any CPU
		{4BB2A01C-8DEB-482F-891C-D3AAAAE304CE}.Release|Any CPU.Build.0 = Release|Any CPU
	EndGlobalSection
	GlobalSection(SolutionProperties) = preSolution
		HideSolutionNode = FALSE
	EndGlobalSection
	GlobalSection(ExtensibilityGlobals) = postSolution
		SolutionGuid = {B2DF3CF9-2293-4AA9-86F2-542C5061C11C}
	EndGlobalSection
EndGlobal
